
Microsoft Visual Studio Solution File, Format Version 12.00
# Visual Studio Version 16
VisualStudioVersion = 16.0.30804.86
MinimumVisualStudioVersion = 10.0.40219.1
Project("{9A19103F-16F7-4668-BE54-9A1E7A4F7556}") = "BakedinHeaven1", "BakedinHeaven1\BakedinHeaven1.csproj", "{BC2CEB95-6CB1-4738-A0AE-412014AD05A5}"
EndProject
Project("{9A19103F-16F7-4668-BE54-9A1E7A4F7556}") = "BakedinHeaven.DataAccess", "BakedinHeaven.DataAccess\BakedinHeaven.DataAccess.csproj", "{8406317C-F67C-4F86-A8DB-46118B2A47D6}"
EndProject
Project("{FAE04EC0-301F-11D3-BF4B-00C04F79EFBC}") = "BakedinHeaven.BusinessService", "BakedinHeaven.BusinessService\BakedinHeaven.BusinessService.csproj", "{7E18111E-B712-4138-871A-6DF74BF11252}"
EndProject
Global
	GlobalSection(SolutionConfigurationPlatforms) = preSolution
		Debug|Any CPU = Debug|Any CPU
		Release|Any CPU = Release|Any CPU
	EndGlobalSection
	GlobalSection(ProjectConfigurationPlatforms) = postSolution
		{BC2CEB95-6CB1-4738-A0AE-412014AD05A5}.Debug|Any CPU.ActiveCfg = Debug|Any CPU
		{BC2CEB95-6CB1-4738-A0AE-412014AD05A5}.Debug|Any CPU.Build.0 = Debug|Any CPU
		{BC2CEB95-6CB1-4738-A0AE-412014AD05A5}.Release|Any CPU.ActiveCfg = Release|Any CPU
		{BC2CEB95-6CB1-4738-A0AE-412014AD05A5}.Release|Any CPU.Build.0 = Release|Any CPU
		{8406317C-F67C-4F86-A8DB-46118B2A47D6}.Debug|Any CPU.ActiveCfg = Debug|Any CPU
		{8406317C-F67C-4F86-A8DB-46118B2A47D6}.Debug|Any CPU.Build.0 = Debug|Any CPU
		{8406317C-F67C-4F86-A8DB-46118B2A47D6}.Release|Any CPU.ActiveCfg = Release|Any CPU
		{8406317C-F67C-4F86-A8DB-46118B2A47D6}.Release|Any CPU.Build.0 = Release|Any CPU
		{7E18111E-B712-4138-871A-6DF74BF11252}.Debug|Any CPU.ActiveCfg = Debug|Any CPU
		{7E18111E-B712-4138-871A-6DF74BF11252}.Debug|Any CPU.Build.0 = Debug|Any CPU
		{7E18111E-B712-4138-871A-6DF74BF11252}.Release|Any CPU.ActiveCfg = Release|Any CPU
		{7E18111E-B712-4138-871A-6DF74BF11252}.Release|Any CPU.Build.0 = Release|Any CPU
	EndGlobalSection
	GlobalSection(SolutionProperties) = preSolution
		HideSolutionNode = FALSE
	EndGlobalSection
	GlobalSection(ExtensibilityGlobals) = postSolution
		SolutionGuid = {7D868658-5A25-48E1-BE93-37A5DC9CC3AC}
	EndGlobalSection
EndGlobal
